// !$*UTF8*$!
{
	archiveVersion = 1;
	classes = {
	};
	objectVersion = 56;
	objects = {

/* Begin PBXBuildFile section */
		60F972FE2C7F252E00777C3F /* ApplesFramworkApp.swift in Sources */ = {isa = PBXBuildFile; fileRef = 60F972FD2C7F252E00777C3F /* ApplesFramworkApp.swift */; };
		60F973022C7F253000777C3F /* Assets.xcassets in Resources */ = {isa = PBXBuildFile; fileRef = 60F973012C7F253000777C3F /* Assets.xcassets */; };
		60F973052C7F253000777C3F /* Preview Assets.xcassets in Resources */ = {isa = PBXBuildFile; fileRef = 60F973042C7F253000777C3F /* Preview Assets.xcassets */; };
		60F9730C2C7F260800777C3F /* Framework.swift in Sources */ = {isa = PBXBuildFile; fileRef = 60F9730B2C7F260800777C3F /* Framework.swift */; };
		60F9730E2C7F425900777C3F /* FrameworkGridView.swift in Sources */ = {isa = PBXBuildFile; fileRef = 60F9730D2C7F425900777C3F /* FrameworkGridView.swift */; };
		60F973102C80772A00777C3F /* FrameworkDetailView.swift in Sources */ = {isa = PBXBuildFile; fileRef = 60F9730F2C80772A00777C3F /* FrameworkDetailView.swift */; };
		60F973122C807A9200777C3F /* AFButton.swift in Sources */ = {isa = PBXBuildFile; fileRef = 60F973112C807A9200777C3F /* AFButton.swift */; };
		60F9732E2C809FC700777C3F /* FrameworkGridViewModel.swift in Sources */ = {isa = PBXBuildFile; fileRef = 60F9732D2C809FC700777C3F /* FrameworkGridViewModel.swift */; };
		60F973302C80EBFC00777C3F /* SafariView.swift in Sources */ = {isa = PBXBuildFile; fileRef = 60F9732F2C80EBFC00777C3F /* SafariView.swift */; };
		60F973322C81B19F00777C3F /* FrameworkTitleView.swift in Sources */ = {isa = PBXBuildFile; fileRef = 60F973312C81B19F00777C3F /* FrameworkTitleView.swift */; };
		60F973342C81B27500777C3F /* XDismissButton.swift in Sources */ = {isa = PBXBuildFile; fileRef = 60F973332C81B27500777C3F /* XDismissButton.swift */; };
/* End PBXBuildFile section */

/* Begin PBXFileReference section */
		60F972FA2C7F252E00777C3F /* ApplesFramwork.app */ = {isa = PBXFileReference; explicitFileType = wrapper.application; includeInIndex = 0; path = ApplesFramwork.app; sourceTree = BUILT_PRODUCTS_DIR; };
		60F972FD2C7F252E00777C3F /* ApplesFramworkApp.swift */ = {isa = PBXFileReference; lastKnownFileType = sourcecode.swift; path = ApplesFramworkApp.swift; sourceTree = "<group>"; };
		60F973012C7F253000777C3F /* Assets.xcassets */ = {isa = PBXFileReference; lastKnownFileType = folder.assetcatalog; path = Assets.xcassets; sourceTree = "<group>"; };
		60F973042C7F253000777C3F /* Preview Assets.xcassets */ = {isa = PBXFileReference; lastKnownFileType = folder.assetcatalog; path = "Preview Assets.xcassets"; sourceTree = "<group>"; };
		60F9730B2C7F260800777C3F /* Framework.swift */ = {isa = PBXFileReference; lastKnownFileType = sourcecode.swift; path = Framework.swift; sourceTree = "<group>"; };
		60F9730D2C7F425900777C3F /* FrameworkGridView.swift */ = {isa = PBXFileReference; lastKnownFileType = sourcecode.swift; path = FrameworkGridView.swift; sourceTree = "<group>"; };
		60F9730F2C80772A00777C3F /* FrameworkDetailView.swift */ = {isa = PBXFileReference; lastKnownFileType = sourcecode.swift; path = FrameworkDetailView.swift; sourceTree = "<group>"; };
		60F973112C807A9200777C3F /* AFButton.swift */ = {isa = PBXFileReference; lastKnownFileType = sourcecode.swift; path = AFButton.swift; sourceTree = "<group>"; };
		60F9732D2C809FC700777C3F /* FrameworkGridViewModel.swift */ = {isa = PBXFileReference; lastKnownFileType = sourcecode.swift; path = FrameworkGridViewModel.swift; sourceTree = "<group>"; };
		60F9732F2C80EBFC00777C3F /* SafariView.swift */ = {isa = PBXFileReference; lastKnownFileType = sourcecode.swift; path = SafariView.swift; sourceTree = "<group>"; };
		60F973312C81B19F00777C3F /* FrameworkTitleView.swift */ = {isa = PBXFileReference; lastKnownFileType = sourcecode.swift; path = FrameworkTitleView.swift; sourceTree = "<group>"; };
		60F973332C81B27500777C3F /* XDismissButton.swift */ = {isa = PBXFileReference; lastKnownFileType = sourcecode.swift; path = XDismissButton.swift; sourceTree = "<group>"; };
/* End PBXFileReference section */

/* Begin PBXFrameworksBuildPhase section */
		60F972F72C7F252E00777C3F /* Frameworks */ = {
			isa = PBXFrameworksBuildPhase;
			buildActionMask = 2147483647;
			files = (
			);
			runOnlyForDeploymentPostprocessing = 0;
		};
/* End PBXFrameworksBuildPhase section */

/* Begin PBXGroup section */
		60F972F12C7F252E00777C3F = {
			isa = PBXGroup;
			children = (
				60F972FC2C7F252E00777C3F /* ApplesFramwork */,
				60F972FB2C7F252E00777C3F /* Products */,
			);
			sourceTree = "<group>";
		};
		60F972FB2C7F252E00777C3F /* Products */ = {
			isa = PBXGroup;
			children = (
				60F972FA2C7F252E00777C3F /* ApplesFramwork.app */,
			);
			name = Products;
			sourceTree = "<group>";
		};
		60F972FC2C7F252E00777C3F /* ApplesFramwork */ = {
			isa = PBXGroup;
			children = (
				60F9733C2C81B97A00777C3F /* UIKit Components */,
				60F973392C81B92300777C3F /* Views */,
				60F973382C81B8E100777C3F /* Models */,
				60F973352C81B83300777C3F /* Screens */,
				60F972FD2C7F252E00777C3F /* ApplesFramworkApp.swift */,
				60F973012C7F253000777C3F /* Assets.xcassets */,
				60F973032C7F253000777C3F /* Preview Content */,
			);
			path = ApplesFramwork;
			sourceTree = "<group>";
		};
		60F973032C7F253000777C3F /* Preview Content */ = {
			isa = PBXGroup;
			children = (
				60F973042C7F253000777C3F /* Preview Assets.xcassets */,
			);
			path = "Preview Content";
			sourceTree = "<group>";
		};
		60F973352C81B83300777C3F /* Screens */ = {
			isa = PBXGroup;
			children = (
				60F973372C81B8B500777C3F /* FrameworkDetailView */,
				60F973362C81B83C00777C3F /* FrameworkGridView */,
			);
			path = Screens;
			sourceTree = "<group>";
		};
		60F973362C81B83C00777C3F /* FrameworkGridView */ = {
			isa = PBXGroup;
			children = (
				60F9730D2C7F425900777C3F /* FrameworkGridView.swift */,
				60F9732D2C809FC700777C3F /* FrameworkGridViewModel.swift */,
			);
			path = FrameworkGridView;
			sourceTree = "<group>";
		};
		60F973372C81B8B500777C3F /* FrameworkDetailView */ = {
			isa = PBXGroup;
			children = (
				60F9730F2C80772A00777C3F /* FrameworkDetailView.swift */,
			);
			path = FrameworkDetailView;
			sourceTree = "<group>";
		};
		60F973382C81B8E100777C3F /* Models */ = {
			isa = PBXGroup;
			children = (
				60F9730B2C7F260800777C3F /* Framework.swift */,
			);
			path = Models;
			sourceTree = "<group>";
		};
		60F973392C81B92300777C3F /* Views */ = {
			isa = PBXGroup;
			children = (
				60F9733B2C81B95E00777C3F /* View */,
				60F9733A2C81B92A00777C3F /* Buttons */,
			);
			path = Views;
			sourceTree = "<group>";
		};
		60F9733A2C81B92A00777C3F /* Buttons */ = {
			isa = PBXGroup;
			children = (
				60F973112C807A9200777C3F /* AFButton.swift */,
				60F973332C81B27500777C3F /* XDismissButton.swift */,
			);
			path = Buttons;
			sourceTree = "<group>";
		};
		60F9733B2C81B95E00777C3F /* View */ = {
			isa = PBXGroup;
			children = (
				60F973312C81B19F00777C3F /* FrameworkTitleView.swift */,
			);
			path = View;
			sourceTree = "<group>";
		};
		60F9733C2C81B97A00777C3F /* UIKit Components */ = {
			isa = PBXGroup;
			children = (
				60F9732F2C80EBFC00777C3F /* SafariView.swift */,
			);
			path = "UIKit Components";
			sourceTree = "<group>";
		};
/* End PBXGroup section */

/* Begin PBXNativeTarget section */
		60F972F92C7F252E00777C3F /* ApplesFramwork */ = {
			isa = PBXNativeTarget;
			buildConfigurationList = 60F973082C7F253000777C3F /* Build configuration list for PBXNativeTarget "ApplesFramwork" */;
			buildPhases = (
				60F972F62C7F252E00777C3F /* Sources */,
				60F972F72C7F252E00777C3F /* Frameworks */,
				60F972F82C7F252E00777C3F /* Resources */,
			);
			buildRules = (
			);
			dependencies = (
			);
			name = ApplesFramwork;
			productName = ApplesFramwork;
			productReference = 60F972FA2C7F252E00777C3F /* ApplesFramwork.app */;
			productType = "com.apple.product-type.application";
		};
/* End PBXNativeTarget section */

/* Begin PBXProject section */
		60F972F22C7F252E00777C3F /* Project object */ = {
			isa = PBXProject;
			attributes = {
				BuildIndependentTargetsInParallel = 1;
				LastSwiftUpdateCheck = 1540;
				LastUpgradeCheck = 1540;
				TargetAttributes = {
					60F972F92C7F252E00777C3F = {
						CreatedOnToolsVersion = 15.4;
					};
				};
			};
			buildConfigurationList = 60F972F52C7F252E00777C3F /* Build configuration list for PBXProject "ApplesFramwork" */;
			compatibilityVersion = "Xcode 14.0";
			developmentRegion = en;
			hasScannedForEncodings = 0;
			knownRegions = (
				en,
				Base,
			);
			mainGroup = 60F972F12C7F252E00777C3F;
			productRefGroup = 60F972FB2C7F252E00777C3F /* Products */;
			projectDirPath = "";
			projectRoot = "";
			targets = (
				60F972F92C7F252E00777C3F /* ApplesFramwork */,
			);
		};
/* End PBXProject section */

/* Begin PBXResourcesBuildPhase section */
		60F972F82C7F252E00777C3F /* Resources */ = {
			isa = PBXResourcesBuildPhase;
			buildActionMask = 2147483647;
			files = (
				60F973052C7F253000777C3F /* Preview Assets.xcassets in Resources */,
				60F973022C7F253000777C3F /* Assets.xcassets in Resources */,
			);
			runOnlyForDeploymentPostprocessing = 0;
		};
/* End PBXResourcesBuildPhase section */

/* Begin PBXSourcesBuildPhase section */
		60F972F62C7F252E00777C3F /* Sources */ = {
			isa = PBXSourcesBuildPhase;
			buildActionMask = 2147483647;
			files = (
				60F973102C80772A00777C3F /* FrameworkDetailView.swift in Sources */,
				60F9730E2C7F425900777C3F /* FrameworkGridView.swift in Sources */,
				60F973342C81B27500777C3F /* XDismissButton.swift in Sources */,
				60F9730C2C7F260800777C3F /* Framework.swift in Sources */,
				60F973122C807A9200777C3F /* AFButton.swift in Sources */,
				60F972FE2C7F252E00777C3F /* ApplesFramworkApp.swift in Sources */,
				60F9732E2C809FC700777C3F /* FrameworkGridViewModel.swift in Sources */,
				60F973322C81B19F00777C3F /* FrameworkTitleView.swift in Sources */,
				60F973302C80EBFC00777C3F /* SafariView.swift in Sources */,
			);
			runOnlyForDeploymentPostprocessing = 0;
		};
/* End PBXSourcesBuildPhase section */

/* Begin XCBuildConfiguration section */
		60F973062C7F253000777C3F /* Debug */ = {
			isa = XCBuildConfiguration;
			buildSettings = {
				ALWAYS_SEARCH_USER_PATHS = NO;
				ASSETCATALOG_COMPILER_GENERATE_SWIFT_ASSET_SYMBOL_EXTENSIONS = YES;
				CLANG_ANALYZER_NONNULL = YES;
				CLANG_ANALYZER_NUMBER_OBJECT_CONVERSION = YES_AGGRESSIVE;
				CLANG_CXX_LANGUAGE_STANDARD = "gnu++20";
				CLANG_ENABLE_MODULES = YES;
				CLANG_ENABLE_OBJC_ARC = YES;
				CLANG_ENABLE_OBJC_WEAK = YES;
				CLANG_WARN_BLOCK_CAPTURE_AUTORELEASING = YES;
				CLANG_WARN_BOOL_CONVERSION = YES;
				CLANG_WARN_COMMA = YES;
				CLANG_WARN_CONSTANT_CONVERSION = YES;
				CLANG_WARN_DEPRECATED_OBJC_IMPLEMENTATIONS = YES;
				CLANG_WARN_DIRECT_OBJC_ISA_USAGE = YES_ERROR;
				CLANG_WARN_DOCUMENTATION_COMMENTS = YES;
				CLANG_WARN_EMPTY_BODY = YES;
				CLANG_WARN_ENUM_CONVERSION = YES;
				CLANG_WARN_INFINITE_RECURSION = YES;
				CLANG_WARN_INT_CONVERSION = YES;
				CLANG_WARN_NON_LITERAL_NULL_CONVERSION = YES;
				CLANG_WARN_OBJC_IMPLICIT_RETAIN_SELF = YES;
				CLANG_WARN_OBJC_LITERAL_CONVERSION = YES;
				CLANG_WARN_OBJC_ROOT_CLASS = YES_ERROR;
				CLANG_WARN_QUOTED_INCLUDE_IN_FRAMEWORK_HEADER = YES;
				CLANG_WARN_RANGE_LOOP_ANALYSIS = YES;
				CLANG_WARN_STRICT_PROTOTYPES = YES;
				CLANG_WARN_SUSPICIOUS_MOVE = YES;
				CLANG_WARN_UNGUARDED_AVAILABILITY = YES_AGGRESSIVE;
				CLANG_WARN_UNREACHABLE_CODE = YES;
				CLANG_WARN__DUPLICATE_METHOD_MATCH = YES;
				COPY_PHASE_STRIP = NO;
				DEBUG_INFORMATION_FORMAT = dwarf;
				ENABLE_STRICT_OBJC_MSGSEND = YES;
				ENABLE_TESTABILITY = YES;
				ENABLE_USER_SCRIPT_SANDBOXING = YES;
				GCC_C_LANGUAGE_STANDARD = gnu17;
				GCC_DYNAMIC_NO_PIC = NO;
				GCC_NO_COMMON_BLOCKS = YES;
				GCC_OPTIMIZATION_LEVEL = 0;
				GCC_PREPROCESSOR_DEFINITIONS = (
					"DEBUG=1",
					"$(inherited)",
				);
				GCC_WARN_64_TO_32_BIT_CONVERSION = YES;
				GCC_WARN_ABOUT_RETURN_TYPE = YES_ERROR;
				GCC_WARN_UNDECLARED_SELECTOR = YES;
				GCC_WARN_UNINITIALIZED_AUTOS = YES_AGGRESSIVE;
				GCC_WARN_UNUSED_FUNCTION = YES;
				GCC_WARN_UNUSED_VARIABLE = YES;
				IPHONEOS_DEPLOYMENT_TARGET = 17.5;
				LOCALIZATION_PREFERS_STRING_CATALOGS = YES;
				MTL_ENABLE_DEBUG_INFO = INCLUDE_SOURCE;
				MTL_FAST_MATH = YES;
				ONLY_ACTIVE_ARCH = YES;
				SDKROOT = iphoneos;
				SWIFT_ACTIVE_COMPILATION_CONDITIONS = "DEBUG $(inherited)";
				SWIFT_OPTIMIZATION_LEVEL = "-Onone";
			};
			name = Debug;
		};
		60F973072C7F253000777C3F /* Release */ = {
			isa = XCBuildConfiguration;
			buildSettings = {
				ALWAYS_SEARCH_USER_PATHS = NO;
				ASSETCATALOG_COMPILER_GENERATE_SWIFT_ASSET_SYMBOL_EXTENSIONS = YES;
				CLANG_ANALYZER_NONNULL = YES;
				CLANG_ANALYZER_NUMBER_OBJECT_CONVERSION = YES_AGGRESSIVE;
				CLANG_CXX_LANGUAGE_STANDARD = "gnu++20";
				CLANG_ENABLE_MODULES = YES;
				CLANG_ENABLE_OBJC_ARC = YES;
				CLANG_ENABLE_OBJC_WEAK = YES;
				CLANG_WARN_BLOCK_CAPTURE_AUTORELEASING = YES;
				CLANG_WARN_BOOL_CONVERSION = YES;
				CLANG_WARN_COMMA = YES;
				CLANG_WARN_CONSTANT_CONVERSION = YES;
				CLANG_WARN_DEPRECATED_OBJC_IMPLEMENTATIONS = YES;
				CLANG_WARN_DIRECT_OBJC_ISA_USAGE = YES_ERROR;
				CLANG_WARN_DOCUMENTATION_COMMENTS = YES;
				CLANG_WARN_EMPTY_BODY = YES;
				CLANG_WARN_ENUM_CONVERSION = YES;
				CLANG_WARN_INFINITE_RECURSION = YES;
				CLANG_WARN_INT_CONVERSION = YES;
				CLANG_WARN_NON_LITERAL_NULL_CONVERSION = YES;
				CLANG_WARN_OBJC_IMPLICIT_RETAIN_SELF = YES;
				CLANG_WARN_OBJC_LITERAL_CONVERSION = YES;
				CLANG_WARN_OBJC_ROOT_CLASS = YES_ERROR;
				CLANG_WARN_QUOTED_INCLUDE_IN_FRAMEWORK_HEADER = YES;
				CLANG_WARN_RANGE_LOOP_ANALYSIS = YES;
				CLANG_WARN_STRICT_PROTOTYPES = YES;
				CLANG_WARN_SUSPICIOUS_MOVE = YES;
				CLANG_WARN_UNGUARDED_AVAILABILITY = YES_AGGRESSIVE;
				CLANG_WARN_UNREACHABLE_CODE = YES;
				CLANG_WARN__DUPLICATE_METHOD_MATCH = YES;
				COPY_PHASE_STRIP = NO;
				DEBUG_INFORMATION_FORMAT = "dwarf-with-dsym";
				ENABLE_NS_ASSERTIONS = NO;
				ENABLE_STRICT_OBJC_MSGSEND = YES;
				ENABLE_USER_SCRIPT_SANDBOXING = YES;
				GCC_C_LANGUAGE_STANDARD = gnu17;
				GCC_NO_COMMON_BLOCKS = YES;
				GCC_WARN_64_TO_32_BIT_CONVERSION = YES;
				GCC_WARN_ABOUT_RETURN_TYPE = YES_ERROR;
				GCC_WARN_UNDECLARED_SELECTOR = YES;
				GCC_WARN_UNINITIALIZED_AUTOS = YES_AGGRESSIVE;
				GCC_WARN_UNUSED_FUNCTION = YES;
				GCC_WARN_UNUSED_VARIABLE = YES;
				IPHONEOS_DEPLOYMENT_TARGET = 17.5;
				LOCALIZATION_PREFERS_STRING_CATALOGS = YES;
				MTL_ENABLE_DEBUG_INFO = NO;
				MTL_FAST_MATH = YES;
				SDKROOT = iphoneos;
				SWIFT_COMPILATION_MODE = wholemodule;
				VALIDATE_PRODUCT = YES;
			};
			name = Release;
		};
		60F973092C7F253000777C3F /* Debug */ = {
			isa = XCBuildConfiguration;
			buildSettings = {
				ASSETCATALOG_COMPILER_APPICON_NAME = AppIcon;
				ASSETCATALOG_COMPILER_GLOBAL_ACCENT_COLOR_NAME = AccentColor;
				CODE_SIGN_STYLE = Automatic;
				CURRENT_PROJECT_VERSION = 1;
				DEVELOPMENT_ASSET_PATHS = "\"ApplesFramwork/Preview Content\"";
				DEVELOPMENT_TEAM = J7H2B8K8R3;
				ENABLE_PREVIEWS = YES;
				GENERATE_INFOPLIST_FILE = YES;
				INFOPLIST_KEY_UIApplicationSceneManifest_Generation = YES;
				INFOPLIST_KEY_UIApplicationSupportsIndirectInputEvents = YES;
				INFOPLIST_KEY_UILaunchScreen_Generation = YES;
				INFOPLIST_KEY_UISupportedInterfaceOrientations_iPad = "UIInterfaceOrientationPortrait UIInterfaceOrientationPortraitUpsideDown UIInterfaceOrientationLandscapeLeft UIInterfaceOrientationLandscapeRight";
				INFOPLIST_KEY_UISupportedInterfaceOrientations_iPhone = "UIInterfaceOrientationPortrait UIInterfaceOrientationLandscapeLeft UIInterfaceOrientationLandscapeRight";
				LD_RUNPATH_SEARCH_PATHS = (
					"$(inherited)",
					"@executable_path/Frameworks",
				);
				MARKETING_VERSION = 1.0;
				PRODUCT_BUNDLE_IDENTIFIER = com.ApplesFramwork;
				PRODUCT_NAME = "$(TARGET_NAME)";
				SWIFT_EMIT_LOC_STRINGS = YES;
				SWIFT_VERSION = 5.0;
				TARGETED_DEVICE_FAMILY = "1,2";
			};
			name = Debug;
		};
		60F9730A2C7F253000777C3F /* Release */ = {
			isa = XCBuildConfiguration;
			buildSettings = {
				ASSETCATALOG_COMPILER_APPICON_NAME = AppIcon;
				ASSETCATALOG_COMPILER_GLOBAL_ACCENT_COLOR_NAME = AccentColor;
				CODE_SIGN_STYLE = Automatic;
				CURRENT_PROJECT_VERSION = 1;
				DEVELOPMENT_ASSET_PATHS = "\"ApplesFramwork/Preview Content\"";
				DEVELOPMENT_TEAM = J7H2B8K8R3;
				ENABLE_PREVIEWS = YES;
				GENERATE_INFOPLIST_FILE = YES;
				INFOPLIST_KEY_UIApplicationSceneManifest_Generation = YES;
				INFOPLIST_KEY_UIApplicationSupportsIndirectInputEvents = YES;
				INFOPLIST_KEY_UILaunchScreen_Generation = YES;
				INFOPLIST_KEY_UISupportedInterfaceOrientations_iPad = "UIInterfaceOrientationPortrait UIInterfaceOrientationPortraitUpsideDown UIInterfaceOrientationLandscapeLeft UIInterfaceOrientationLandscapeRight";
				INFOPLIST_KEY_UISupportedInterfaceOrientations_iPhone = "UIInterfaceOrientationPortrait UIInterfaceOrientationLandscapeLeft UIInterfaceOrientationLandscapeRight";
				LD_RUNPATH_SEARCH_PATHS = (
					"$(inherited)",
					"@executable_path/Frameworks",
				);
				MARKETING_VERSION = 1.0;
				PRODUCT_BUNDLE_IDENTIFIER = com.ApplesFramwork;
				PRODUCT_NAME = "$(TARGET_NAME)";
				SWIFT_EMIT_LOC_STRINGS = YES;
				SWIFT_VERSION = 5.0;
				TARGETED_DEVICE_FAMILY = "1,2";
			};
			name = Release;
		};
/* End XCBuildConfiguration section */

/* Begin XCConfigurationList section */
		60F972F52C7F252E00777C3F /* Build configuration list for PBXProject "ApplesFramwork" */ = {
			isa = XCConfigurationList;
			buildConfigurations = (
				60F973062C7F253000777C3F /* Debug */,
				60F973072C7F253000777C3F /* Release */,
			);
			defaultConfigurationIsVisible = 0;
			defaultConfigurationName = Release;
		};
		60F973082C7F253000777C3F /* Build configuration list for PBXNativeTarget "ApplesFramwork" */ = {
			isa = XCConfigurationList;
			buildConfigurations = (
				60F973092C7F253000777C3F /* Debug */,
				60F9730A2C7F253000777C3F /* Release */,
			);
			defaultConfigurationIsVisible = 0;
			defaultConfigurationName = Release;
		};
/* End XCConfigurationList section */
	};
	rootObject = 60F972F22C7F252E00777C3F /* Project object */;
}
